
Microsoft Visual Studio Solution File, Format Version 12.00
# Visual Studio Version 16
VisualStudioVersion = 16.0.31005.135
MinimumVisualStudioVersion = 10.0.40219.1
Project("{9A19103F-16F7-4668-BE54-9A1E7A4F7556}") = "Vavatech.DotnetCore.Models", "Vavatech.DotnetCore.Models\Vavatech.DotnetCore.Models.csproj", "{EDD71205-8398-4A39-B3E9-2DAD4E61047C}"
EndProject
Project("{9A19103F-16F7-4668-BE54-9A1E7A4F7556}") = "Vavatech.DotnetCore.IServices", "Vavatech.DotnetCore.IServices\Vavatech.DotnetCore.IServices.csproj", "{79FFFFF0-FDCD-4C38-AE57-92433D5E2E55}"
EndProject
Project("{9A19103F-16F7-4668-BE54-9A1E7A4F7556}") = "Vavatech.DotnetCore.FakeServices", "Vavatech.DotnetCore.FakeServices\Vavatech.DotnetCore.FakeServices.csproj", "{8C64904F-DC55-42CA-A8EC-889097FD27C9}"
EndProject
Project("{9A19103F-16F7-4668-BE54-9A1E7A4F7556}") = "Vavatech.DotnetCore.Fakers", "Vavatech.DotnetCore.Fakers\Vavatech.DotnetCore.Fakers.csproj", "{268EA646-25F4-43C8-8B2D-93442D8885E2}"
EndProject
Project("{9A19103F-16F7-4668-BE54-9A1E7A4F7556}") = "Vavatech.DotnetCore.WebApi", "Vavatech.DotnetCore.WebApi\Vavatech.DotnetCore.WebApi.csproj", "{64BBFF22-C092-4E68-AFD4-EF58DE17F2F3}"
EndProject
Project("{9A19103F-16F7-4668-BE54-9A1E7A4F7556}") = "Vavatech.DotnetCore.Models.Validators", "Vavatech.DotnetCore.Models.Validators\Vavatech.DotnetCore.Models.Validators.csproj", "{8CD45511-AA32-4D5C-B4EE-6B00EC457A66}"
EndProject
Project("{9A19103F-16F7-4668-BE54-9A1E7A4F7556}") = "Vavatech.DotnetCore.NBPExchangeRateService", "Vavatech.DotnetCore.NBPExchangeRateService\Vavatech.DotnetCore.NBPExchangeRateService.csproj", "{2F350FC2-6C88-42A9-AC9D-AEDA3036F34F}"
EndProject
Project("{9A19103F-16F7-4668-BE54-9A1E7A4F7556}") = "Vavatech.DotnetCore.ConsoleClient", "Vavatech.DotnetCore.ConsoleClient\Vavatech.DotnetCore.ConsoleClient.csproj", "{595D8C0F-7FFE-48A5-AFB4-BD161E149E13}"
EndProject
Project("{9A19103F-16F7-4668-BE54-9A1E7A4F7556}") = "Vavatech.DotnetCore.Api", "Vavatech.DotnetCore.Api\Vavatech.DotnetCore.Api.csproj", "{BE13FF2A-C075-4943-889A-F5D173D5B4E3}"
EndProject
Project("{9A19103F-16F7-4668-BE54-9A1E7A4F7556}") = "Vavatech.DotnetCore.SignalRHub", "Vavatech.DotnetCore.SignalRHub\Vavatech.DotnetCore.SignalRHub.csproj", "{2CAF11BB-54F7-4110-B631-C23BA110B39B}"
EndProject
Project("{9A19103F-16F7-4668-BE54-9A1E7A4F7556}") = "Vavatech.DotnetCore.SignalRSenderConsoleClient", "Vavatech.DotnetCore.SignalRSenderConsoleClient\Vavatech.DotnetCore.SignalRSenderConsoleClient.csproj", "{9FCF3F29-49B7-4567-8E4F-960A56445280}"
EndProject
Project("{9A19103F-16F7-4668-BE54-9A1E7A4F7556}") = "Vavatech.DotnetCore.SignalRReceiverConsoleClient", "Vavatech.DotnetCore.SignalRReceiverConsoleClient\Vavatech.DotnetCore.SignalRReceiverConsoleClient.csproj", "{9221F9D9-BACD-4BC8-BF3A-8FA05A10690F}"
EndProject
Project("{9A19103F-16F7-4668-BE54-9A1E7A4F7556}") = "Vavatech.DotnetCore.MVCWebApp", "Vavatech.DotnetCore.MVCWebApp\Vavatech.DotnetCore.MVCWebApp.csproj", "{B2F078AB-D907-49D3-B318-9915EFFF3230}"
EndProject
Project("{FAE04EC0-301F-11D3-BF4B-00C04F79EFBC}") = "Vavatech.DotnetCore.DbServices", "Vavatech.DotnetCore.DbServices\Vavatech.DotnetCore.DbServices.csproj", "{46E9A0C3-5A9A-433D-A4BB-2F4A109E2C90}"
EndProject
Global
	GlobalSection(SolutionConfigurationPlatforms) = preSolution
		Debug|Any CPU = Debug|Any CPU
		Release|Any CPU = Release|Any CPU
	EndGlobalSection
	GlobalSection(ProjectConfigurationPlatforms) = postSolution
		{EDD71205-8398-4A39-B3E9-2DAD4E61047C}.Debug|Any CPU.ActiveCfg = Debug|Any CPU
		{EDD71205-8398-4A39-B3E9-2DAD4E61047C}.Debug|Any CPU.Build.0 = Debug|Any CPU
		{EDD71205-8398-4A39-B3E9-2DAD4E61047C}.Release|Any CPU.ActiveCfg = Release|Any CPU
		{EDD71205-8398-4A39-B3E9-2DAD4E61047C}.Release|Any CPU.Build.0 = Release|Any CPU
		{79FFFFF0-FDCD-4C38-AE57-92433D5E2E55}.Debug|Any CPU.ActiveCfg = Debug|Any CPU
		{79FFFFF0-FDCD-4C38-AE57-92433D5E2E55}.Debug|Any CPU.Build.0 = Debug|Any CPU
		{79FFFFF0-FDCD-4C38-AE57-92433D5E2E55}.Release|Any CPU.ActiveCfg = Release|Any CPU
		{79FFFFF0-FDCD-4C38-AE57-92433D5E2E55}.Release|Any CPU.Build.0 = Release|Any CPU
		{8C64904F-DC55-42CA-A8EC-889097FD27C9}.Debug|Any CPU.ActiveCfg = Debug|Any CPU
		{8C64904F-DC55-42CA-A8EC-889097FD27C9}.Debug|Any CPU.Build.0 = Debug|Any CPU
		{8C64904F-DC55-42CA-A8EC-889097FD27C9}.Release|Any CPU.ActiveCfg = Release|Any CPU
		{8C64904F-DC55-42CA-A8EC-889097FD27C9}.Release|Any CPU.Build.0 = Release|Any CPU
		{268EA646-25F4-43C8-8B2D-93442D8885E2}.Debug|Any CPU.ActiveCfg = Debug|Any CPU
		{268EA646-25F4-43C8-8B2D-93442D8885E2}.Debug|Any CPU.Build.0 = Debug|Any CPU
		{268EA646-25F4-43C8-8B2D-93442D8885E2}.Release|Any CPU.ActiveCfg = Release|Any CPU
		{268EA646-25F4-43C8-8B2D-93442D8885E2}.Release|Any CPU.Build.0 = Release|Any CPU
		{64BBFF22-C092-4E68-AFD4-EF58DE17F2F3}.Debug|Any CPU.ActiveCfg = Debug|Any CPU
		{64BBFF22-C092-4E68-AFD4-EF58DE17F2F3}.Debug|Any CPU.Build.0 = Debug|Any CPU
		{64BBFF22-C092-4E68-AFD4-EF58DE17F2F3}.Release|Any CPU.ActiveCfg = Release|Any CPU
		{64BBFF22-C092-4E68-AFD4-EF58DE17F2F3}.Release|Any CPU.Build.0 = Release|Any CPU
		{8CD45511-AA32-4D5C-B4EE-6B00EC457A66}.Debug|Any CPU.ActiveCfg = Debug|Any CPU
		{8CD45511-AA32-4D5C-B4EE-6B00EC457A66}.Debug|Any CPU.Build.0 = Debug|Any CPU
		{8CD45511-AA32-4D5C-B4EE-6B00EC457A66}.Release|Any CPU.ActiveCfg = Release|Any CPU
		{8CD45511-AA32-4D5C-B4EE-6B00EC457A66}.Release|Any CPU.Build.0 = Release|Any CPU
		{2F350FC2-6C88-42A9-AC9D-AEDA3036F34F}.Debug|Any CPU.ActiveCfg = Debug|Any CPU
		{2F350FC2-6C88-42A9-AC9D-AEDA3036F34F}.Debug|Any CPU.Build.0 = Debug|Any CPU
		{2F350FC2-6C88-42A9-AC9D-AEDA3036F34F}.Release|Any CPU.ActiveCfg = Release|Any CPU
		{2F350FC2-6C88-42A9-AC9D-AEDA3036F34F}.Release|Any CPU.Build.0 = Release|Any CPU
		{595D8C0F-7FFE-48A5-AFB4-BD161E149E13}.Debug|Any CPU.ActiveCfg = Debug|Any CPU
		{595D8C0F-7FFE-48A5-AFB4-BD161E149E13}.Debug|Any CPU.Build.0 = Debug|Any CPU
		{595D8C0F-7FFE-48A5-AFB4-BD161E149E13}.Release|Any CPU.ActiveCfg = Release|Any CPU
		{595D8C0F-7FFE-48A5-AFB4-BD161E149E13}.Release|Any CPU.Build.0 = Release|Any CPU
		{BE13FF2A-C075-4943-889A-F5D173D5B4E3}.Debug|Any CPU.ActiveCfg = Debug|Any CPU
		{BE13FF2A-C075-4943-889A-F5D173D5B4E3}.Debug|Any CPU.Build.0 = Debug|Any CPU
		{BE13FF2A-C075-4943-889A-F5D173D5B4E3}.Release|Any CPU.ActiveCfg = Release|Any CPU
		{BE13FF2A-C075-4943-889A-F5D173D5B4E3}.Release|Any CPU.Build.0 = Release|Any CPU
		{2CAF11BB-54F7-4110-B631-C23BA110B39B}.Debug|Any CPU.ActiveCfg = Debug|Any CPU
		{2CAF11BB-54F7-4110-B631-C23BA110B39B}.Debug|Any CPU.Build.0 = Debug|Any CPU
		{2CAF11BB-54F7-4110-B631-C23BA110B39B}.Release|Any CPU.ActiveCfg = Release|Any CPU
		{2CAF11BB-54F7-4110-B631-C23BA110B39B}.Release|Any CPU.Build.0 = Release|Any CPU
		{9FCF3F29-49B7-4567-8E4F-960A56445280}.Debug|Any CPU.ActiveCfg = Debug|Any CPU
		{9FCF3F29-49B7-4567-8E4F-960A56445280}.Debug|Any CPU.Build.0 = Debug|Any CPU
		{9FCF3F29-49B7-4567-8E4F-960A56445280}.Release|Any CPU.ActiveCfg = Release|Any CPU
		{9FCF3F29-49B7-4567-8E4F-960A56445280}.Release|Any CPU.Build.0 = Release|Any CPU
		{9221F9D9-BACD-4BC8-BF3A-8FA05A10690F}.Debug|Any CPU.ActiveCfg = Debug|Any CPU
		{9221F9D9-BACD-4BC8-BF3A-8FA05A10690F}.Debug|Any CPU.Build.0 = Debug|Any CPU
		{9221F9D9-BACD-4BC8-BF3A-8FA05A10690F}.Release|Any CPU.ActiveCfg = Release|Any CPU
		{9221F9D9-BACD-4BC8-BF3A-8FA05A10690F}.Release|Any CPU.Build.0 = Release|Any CPU
		{B2F078AB-D907-49D3-B318-9915EFFF3230}.Debug|Any CPU.ActiveCfg = Debug|Any CPU
		{B2F078AB-D907-49D3-B318-9915EFFF3230}.Debug|Any CPU.Build.0 = Debug|Any CPU
		{B2F078AB-D907-49D3-B318-9915EFFF3230}.Release|Any CPU.ActiveCfg = Release|Any CPU
		{B2F078AB-D907-49D3-B318-9915EFFF3230}.Release|Any CPU.Build.0 = Release|Any CPU
		{46E9A0C3-5A9A-433D-A4BB-2F4A109E2C90}.Debug|Any CPU.ActiveCfg = Debug|Any CPU
		{46E9A0C3-5A9A-433D-A4BB-2F4A109E2C90}.Debug|Any CPU.Build.0 = Debug|Any CPU
		{46E9A0C3-5A9A-433D-A4BB-2F4A109E2C90}.Release|Any CPU.ActiveCfg = Release|Any CPU
		{46E9A0C3-5A9A-433D-A4BB-2F4A109E2C90}.Release|Any CPU.Build.0 = Release|Any CPU
	EndGlobalSection
	GlobalSection(SolutionProperties) = preSolution
		HideSolutionNode = FALSE
	EndGlobalSection
	GlobalSection(ExtensibilityGlobals) = postSolution
		SolutionGuid = {F60F88AF-AB03-4A3A-B8D9-9760EBB9280C}
	EndGlobalSection
EndGlobal
